{
  "name": "techblu",
  "version": "1.0.0",
  "lockfileVersion": 2,
  "requires": true,
  "packages": {
    "": {
      "name": "techblu",
      "version": "1.0.0",
      "license": "ISC",
      "dependencies": {
        "@emailjs/browser": "^3.4.0",
        "animate.css": "^4.1.1"
      }
    },
    "node_modules/@emailjs/browser": {
      "version": "3.4.0",
      "resolved": "https://registry.npmjs.org/@emailjs/browser/-/browser-3.4.0.tgz",
      "integrity": "sha512-pTR9wEj0KLrJBVWFfB6IFEwmGIod/6cfN541Y0TVN2+9Bbn+R9a8gq6GeJZ6ggbYs36J3gCTXDyVKhtxjRsjtw==",
      "engines": {
        "node": ">=14.0.0"
      }
    },
    "node_modules/animate.css": {
      "version": "4.1.1",
      "resolved": "https://registry.npmjs.org/animate.css/-/animate.css-4.1.1.tgz",
      "integrity": "sha512-+mRmCTv6SbCmtYJCN4faJMNFVNN5EuCTTprDTAo7YzIGji2KADmakjVA3+8mVDkZ2Bf09vayB35lSQIex2+QaQ=="
    }
  },
  "dependencies": {
    "@emailjs/browser": {
      "version": "3.4.0",
      "resolved": "https://registry.npmjs.org/@emailjs/browser/-/browser-3.4.0.tgz",
      "integrity": "sha512-pTR9wEj0KLrJBVWFfB6IFEwmGIod/6cfN541Y0TVN2+9Bbn+R9a8gq6GeJZ6ggbYs36J3gCTXDyVKhtxjRsjtw=="
    },
    "animate.css": {
      "version": "4.1.1",
      "resolved": "https://registry.npmjs.org/animate.css/-/animate.css-4.1.1.tgz",
      "integrity": "sha512-+mRmCTv6SbCmtYJCN4faJMNFVNN5EuCTTprDTAo7YzIGji2KADmakjVA3+8mVDkZ2Bf09vayB35lSQIex2+QaQ=="
    }
  }
}
